// !$*UTF8*$!
{
	archiveVersion = 1;
	classes = {
	};
	objectVersion = 46;
	objects = {

/* Begin PBXBuildFile section */
		200A92F01F061E2E00C3A60C /* AppDelegate.swift in Sources */ = {isa = PBXBuildFile; fileRef = 200A92EF1F061E2E00C3A60C /* AppDelegate.swift */; };
		200A92F21F061E2E00C3A60C /* ViewController.swift in Sources */ = {isa = PBXBuildFile; fileRef = 200A92F11F061E2E00C3A60C /* ViewController.swift */; };
		200A92F51F061E2E00C3A60C /* Main.storyboard in Resources */ = {isa = PBXBuildFile; fileRef = 200A92F31F061E2E00C3A60C /* Main.storyboard */; };
		200A92F71F061E2E00C3A60C /* Assets.xcassets in Resources */ = {isa = PBXBuildFile; fileRef = 200A92F61F061E2E00C3A60C /* Assets.xcassets */; };
		200A92FA1F061E2E00C3A60C /* LaunchScreen.storyboard in Resources */ = {isa = PBXBuildFile; fileRef = 200A92F81F061E2E00C3A60C /* LaunchScreen.storyboard */; };
		200A93061F061EB400C3A60C /* SecondVC.swift in Sources */ = {isa = PBXBuildFile; fileRef = 200A93051F061EB400C3A60C /* SecondVC.swift */; };
		200A930C1F06379100C3A60C /* WYExt_UIViewController.swift in Sources */ = {isa = PBXBuildFile; fileRef = 200A930B1F06379100C3A60C /* WYExt_UIViewController.swift */; };
		200A930E1F0641D400C3A60C /* FadeAnimator.swift in Sources */ = {isa = PBXBuildFile; fileRef = 200A930D1F0641D400C3A60C /* FadeAnimator.swift */; };
/* End PBXBuildFile section */

/* Begin PBXFileReference section */
		200A92EC1F061E2E00C3A60C /* LeftView.app */ = {isa = PBXFileReference; explicitFileType = wrapper.application; includeInIndex = 0; path = LeftView.app; sourceTree = BUILT_PRODUCTS_DIR; };
		200A92EF1F061E2E00C3A60C /* AppDelegate.swift */ = {isa = PBXFileReference; lastKnownFileType = sourcecode.swift; path = AppDelegate.swift; sourceTree = "<group>"; };
		200A92F11F061E2E00C3A60C /* ViewController.swift */ = {isa = PBXFileReference; lastKnownFileType = sourcecode.swift; path = ViewController.swift; sourceTree = "<group>"; };
		200A92F41F061E2E00C3A60C /* Base */ = {isa = PBXFileReference; lastKnownFileType = file.storyboard; name = Base; path = Base.lproj/Main.storyboard; sourceTree = "<group>"; };
		200A92F61F061E2E00C3A60C /* Assets.xcassets */ = {isa = PBXFileReference; lastKnownFileType = folder.assetcatalog; path = Assets.xcassets; sourceTree = "<group>"; };
		200A92F91F061E2E00C3A60C /* Base */ = {isa = PBXFileReference; lastKnownFileType = file.storyboard; name = Base; path = Base.lproj/LaunchScreen.storyboard; sourceTree = "<group>"; };
		200A92FB1F061E2E00C3A60C /* Info.plist */ = {isa = PBXFileReference; lastKnownFileType = text.plist.xml; path = Info.plist; sourceTree = "<group>"; };
		200A93051F061EB400C3A60C /* SecondVC.swift */ = {isa = PBXFileReference; fileEncoding = 4; lastKnownFileType = sourcecode.swift; path = SecondVC.swift; sourceTree = "<group>"; };
		200A930B1F06379100C3A60C /* WYExt_UIViewController.swift */ = {isa = PBXFileReference; fileEncoding = 4; lastKnownFileType = sourcecode.swift; path = WYExt_UIViewController.swift; sourceTree = "<group>"; };
		200A930D1F0641D400C3A60C /* FadeAnimator.swift */ = {isa = PBXFileReference; fileEncoding = 4; lastKnownFileType = sourcecode.swift; path = FadeAnimator.swift; sourceTree = "<group>"; };
/* End PBXFileReference section */

/* Begin PBXFrameworksBuildPhase section */
		200A92E91F061E2E00C3A60C /* Frameworks */ = {
			isa = PBXFrameworksBuildPhase;
			buildActionMask = 2147483647;
			files = (
			);
			runOnlyForDeploymentPostprocessing = 0;
		};
/* End PBXFrameworksBuildPhase section */

/* Begin PBXGroup section */
		200A92E31F061E2E00C3A60C = {
			isa = PBXGroup;
			children = (
				200A92EE1F061E2E00C3A60C /* LeftView */,
				200A92ED1F061E2E00C3A60C /* Products */,
			);
			sourceTree = "<group>";
		};
		200A92ED1F061E2E00C3A60C /* Products */ = {
			isa = PBXGroup;
			children = (
				200A92EC1F061E2E00C3A60C /* LeftView.app */,
			);
			name = Products;
			sourceTree = "<group>";
		};
		200A92EE1F061E2E00C3A60C /* LeftView */ = {
			isa = PBXGroup;
			children = (
				200A92EF1F061E2E00C3A60C /* AppDelegate.swift */,
				200A92F11F061E2E00C3A60C /* ViewController.swift */,
				200A92F31F061E2E00C3A60C /* Main.storyboard */,
				200A92F61F061E2E00C3A60C /* Assets.xcassets */,
				200A92F81F061E2E00C3A60C /* LaunchScreen.storyboard */,
				200A92FB1F061E2E00C3A60C /* Info.plist */,
				200A93051F061EB400C3A60C /* SecondVC.swift */,
				200A930B1F06379100C3A60C /* WYExt_UIViewController.swift */,
				200A930D1F0641D400C3A60C /* FadeAnimator.swift */,
			);
			path = LeftView;
			sourceTree = "<group>";
		};
/* End PBXGroup section */

/* Begin PBXNativeTarget section */
		200A92EB1F061E2E00C3A60C /* LeftView */ = {
			isa = PBXNativeTarget;
			buildConfigurationList = 200A92FE1F061E2E00C3A60C /* Build configuration list for PBXNativeTarget "LeftView" */;
			buildPhases = (
				200A92E81F061E2E00C3A60C /* Sources */,
				200A92E91F061E2E00C3A60C /* Frameworks */,
				200A92EA1F061E2E00C3A60C /* Resources */,
			);
			buildRules = (
			);
			dependencies = (
			);
			name = LeftView;
			productName = LeftView;
			productReference = 200A92EC1F061E2E00C3A60C /* LeftView.app */;
			productType = "com.apple.product-type.application";
		};
/* End PBXNativeTarget section */

/* Begin PBXProject section */
		200A92E41F061E2E00C3A60C /* Project object */ = {
			isa = PBXProject;
			attributes = {
				LastSwiftUpdateCheck = 0830;
				LastUpgradeCheck = 0830;
				ORGANIZATIONNAME = WY;
				TargetAttributes = {
					200A92EB1F061E2E00C3A60C = {
						CreatedOnToolsVersion = 8.3.2;
						ProvisioningStyle = Automatic;
					};
				};
			};
			buildConfigurationList = 200A92E71F061E2E00C3A60C /* Build configuration list for PBXProject "LeftView" */;
			compatibilityVersion = "Xcode 3.2";
			developmentRegion = English;
			hasScannedForEncodings = 0;
			knownRegions = (
				en,
				Base,
			);
			mainGroup = 200A92E31F061E2E00C3A60C;
			productRefGroup = 200A92ED1F061E2E00C3A60C /* Products */;
			projectDirPath = "";
			projectRoot = "";
			targets = (
				200A92EB1F061E2E00C3A60C /* LeftView */,
			);
		};
/* End PBXProject section */

/* Begin PBXResourcesBuildPhase section */
		200A92EA1F061E2E00C3A60C /* Resources */ = {
			isa = PBXResourcesBuildPhase;
			buildActionMask = 2147483647;
			files = (
				200A92FA1F061E2E00C3A60C /* LaunchScreen.storyboard in Resources */,
				200A92F71F061E2E00C3A60C /* Assets.xcassets in Resources */,
				200A92F51F061E2E00C3A60C /* Main.storyboard in Resources */,
			);
			runOnlyForDeploymentPostprocessing = 0;
		};
/* End PBXResourcesBuildPhase section */

/* Begin PBXSourcesBuildPhase section */
		200A92E81F061E2E00C3A60C /* Sources */ = {
			isa = PBXSourcesBuildPhase;
			buildActionMask = 2147483647;
			files = (
				200A930E1F0641D400C3A60C /* FadeAnimator.swift in Sources */,
				200A92F21F061E2E00C3A60C /* ViewController.swift in Sources */,
				200A93061F061EB400C3A60C /* SecondVC.swift in Sources */,
				200A930C1F06379100C3A60C /* WYExt_UIViewController.swift in Sources */,
				200A92F01F061E2E00C3A60C /* AppDelegate.swift in Sources */,
			);
			runOnlyForDeploymentPostprocessing = 0;
		};
/* End PBXSourcesBuildPhase section */

/* Begin PBXVariantGroup section */
		200A92F31F061E2E00C3A60C /* Main.storyboard */ = {
			isa = PBXVariantGroup;
			children = (
				200A92F41F061E2E00C3A60C /* Base */,
			);
			name = Main.storyboard;
			sourceTree = "<group>";
		};
		200A92F81F061E2E00C3A60C /* LaunchScreen.storyboard */ = {
			isa = PBXVariantGroup;
			children = (
				200A92F91F061E2E00C3A60C /* Base */,
			);
			name = LaunchScreen.storyboard;
			sourceTree = "<group>";
		};
/* End PBXVariantGroup section */

/* Begin XCBuildConfiguration section */
		200A92FC1F061E2E00C3A60C /* Debug */ = {
			isa = XCBuildConfiguration;
			buildSettings = {
				ALWAYS_SEARCH_USER_PATHS = NO;
				CLANG_ANALYZER_NONNULL = YES;
				CLANG_ANALYZER_NUMBER_OBJECT_CONVERSION = YES_AGGRESSIVE;
				CLANG_CXX_LANGUAGE_STANDARD = "gnu++0x";
				CLANG_CXX_LIBRARY = "libc++";
				CLANG_ENABLE_MODULES = YES;
				CLANG_ENABLE_OBJC_ARC = YES;
				CLANG_WARN_BOOL_CONVERSION = YES;
				CLANG_WARN_CONSTANT_CONVERSION = YES;
				CLANG_WARN_DIRECT_OBJC_ISA_USAGE = YES_ERROR;
				CLANG_WARN_DOCUMENTATION_COMMENTS = YES;
				CLANG_WARN_EMPTY_BODY = YES;
				CLANG_WARN_ENUM_CONVERSION = YES;
				CLANG_WARN_INFINITE_RECURSION = YES;
				CLANG_WARN_INT_CONVERSION = YES;
				CLANG_WARN_OBJC_ROOT_CLASS = YES_ERROR;
				CLANG_WARN_SUSPICIOUS_MOVE = YES;
				CLANG_WARN_UNREACHABLE_CODE = YES;
				CLANG_WARN__DUPLICATE_METHOD_MATCH = YES;
				"CODE_SIGN_IDENTITY[sdk=iphoneos*]" = "iPhone Developer";
				COPY_PHASE_STRIP = NO;
				DEBUG_INFORMATION_FORMAT = dwarf;
				ENABLE_STRICT_OBJC_MSGSEND = YES;
				ENABLE_TESTABILITY = YES;
				GCC_C_LANGUAGE_STANDARD = gnu99;
				GCC_DYNAMIC_NO_PIC = NO;
				GCC_NO_COMMON_BLOCKS = YES;
				GCC_OPTIMIZATION_LEVEL = 0;
				GCC_PREPROCESSOR_DEFINITIONS = (
					"DEBUG=1",
					"$(inherited)",
				);
				GCC_WARN_64_TO_32_BIT_CONVERSION = YES;
				GCC_WARN_ABOUT_RETURN_TYPE = YES_ERROR;
				GCC_WARN_UNDECLARED_SELECTOR = YES;
				GCC_WARN_UNINITIALIZED_AUTOS = YES_AGGRESSIVE;
				GCC_WARN_UNUSED_FUNCTION = YES;
				GCC_WARN_UNUSED_VARIABLE = YES;
				IPHONEOS_DEPLOYMENT_TARGET = 10.3;
				MTL_ENABLE_DEBUG_INFO = YES;
				ONLY_ACTIVE_ARCH = YES;
				SDKROOT = iphoneos;
				SWIFT_ACTIVE_COMPILATION_CONDITIONS = DEBUG;
				SWIFT_OPTIMIZATION_LEVEL = "-Onone";
			};
			name = Debug;
		};
		200A92FD1F061E2E00C3A60C /* Release */ = {
			isa = XCBuildConfiguration;
			buildSettings = {
				ALWAYS_SEARCH_USER_PATHS = NO;
				CLANG_ANALYZER_NONNULL = YES;
				CLANG_ANALYZER_NUMBER_OBJECT_CONVERSION = YES_AGGRESSIVE;
				CLANG_CXX_LANGUAGE_STANDARD = "gnu++0x";
				CLANG_CXX_LIBRARY = "libc++";
				CLANG_ENABLE_MODULES = YES;
				CLANG_ENABLE_OBJC_ARC = YES;
				CLANG_WARN_BOOL_CONVERSION = YES;
				CLANG_WARN_CONSTANT_CONVERSION = YES;
				CLANG_WARN_DIRECT_OBJC_ISA_USAGE = YES_ERROR;
				CLANG_WARN_DOCUMENTATION_COMMENTS = YES;
				CLANG_WARN_EMPTY_BODY = YES;
				CLANG_WARN_ENUM_CONVERSION = YES;
				CLANG_WARN_INFINITE_RECURSION = YES;
				CLANG_WARN_INT_CONVERSION = YES;
				CLANG_WARN_OBJC_ROOT_CLASS = YES_ERROR;
				CLANG_WARN_SUSPICIOUS_MOVE = YES;
				CLANG_WARN_UNREACHABLE_CODE = YES;
				CLANG_WARN__DUPLICATE_METHOD_MATCH = YES;
				"CODE_SIGN_IDENTITY[sdk=iphoneos*]" = "iPhone Developer";
				COPY_PHASE_STRIP = NO;
				DEBUG_INFORMATION_FORMAT = "dwarf-with-dsym";
				ENABLE_NS_ASSERTIONS = NO;
				ENABLE_STRICT_OBJC_MSGSEND = YES;
				GCC_C_LANGUAGE_STANDARD = gnu99;
				GCC_NO_COMMON_BLOCKS = YES;
				GCC_WARN_64_TO_32_BIT_CONVERSION = YES;
				GCC_WARN_ABOUT_RETURN_TYPE = YES_ERROR;
				GCC_WARN_UNDECLARED_SELECTOR = YES;
				GCC_WARN_UNINITIALIZED_AUTOS = YES_AGGRESSIVE;
				GCC_WARN_UNUSED_FUNCTION = YES;
				GCC_WARN_UNUSED_VARIABLE = YES;
				IPHONEOS_DEPLOYMENT_TARGET = 10.3;
				MTL_ENABLE_DEBUG_INFO = NO;
				SDKROOT = iphoneos;
				SWIFT_OPTIMIZATION_LEVEL = "-Owholemodule";
				VALIDATE_PRODUCT = YES;
			};
			name = Release;
		};
		200A92FF1F061E2E00C3A60C /* Debug */ = {
			isa = XCBuildConfiguration;
			buildSettings = {
				ASSETCATALOG_COMPILER_APPICON_NAME = AppIcon;
				INFOPLIST_FILE = LeftView/Info.plist;
				IPHONEOS_DEPLOYMENT_TARGET = 9.1;
				LD_RUNPATH_SEARCH_PATHS = "$(inherited) @executable_path/Frameworks";
				PRODUCT_BUNDLE_IDENTIFIER = com.None.LeftView;
				PRODUCT_NAME = "$(TARGET_NAME)";
				SWIFT_VERSION = 3.0;
			};
			name = Debug;
		};
		200A93001F061E2E00C3A60C /* Release */ = {
			isa = XCBuildConfiguration;
			buildSettings = {
				ASSETCATALOG_COMPILER_APPICON_NAME = AppIcon;
				INFOPLIST_FILE = LeftView/Info.plist;
				IPHONEOS_DEPLOYMENT_TARGET = 9.1;
				LD_RUNPATH_SEARCH_PATHS = "$(inherited) @executable_path/Frameworks";
				PRODUCT_BUNDLE_IDENTIFIER = com.None.LeftView;
				PRODUCT_NAME = "$(TARGET_NAME)";
				SWIFT_VERSION = 3.0;
			};
			name = Release;
		};
/* End XCBuildConfiguration section */

/* Begin XCConfigurationList section */
		200A92E71F061E2E00C3A60C /* Build configuration list for PBXProject "LeftView" */ = {
			isa = XCConfigurationList;
			buildConfigurations = (
				200A92FC1F061E2E00C3A60C /* Debug */,
				200A92FD1F061E2E00C3A60C /* Release */,
			);
			defaultConfigurationIsVisible = 0;
			defaultConfigurationName = Release;
		};
		200A92FE1F061E2E00C3A60C /* Build configuration list for PBXNativeTarget "LeftView" */ = {
			isa = XCConfigurationList;
			buildConfigurations = (
				200A92FF1F061E2E00C3A60C /* Debug */,
				200A93001F061E2E00C3A60C /* Release */,
			);
			defaultConfigurationIsVisible = 0;
		};
/* End XCConfigurationList section */
	};
	rootObject = 200A92E41F061E2E00C3A60C /* Project object */;
}
